{
  "object": {
    "pins": [
      {
        "package": "swift-argument-parser",
        "repositoryURL": "https://github.com/apple/swift-argument-parser.git",
        "state": {
          "branch": null,
          "revision": "92646c0cdbaca076c8d3d0207891785b3379cbff",
          "version": "0.3.1"
        }
      },
      {
        "package": "swift-ddc",
        "repositoryURL": "https://github.com/aleksey-mashanov/swift-ddc.git",
        "state": {
          "branch": null,
          "revision": "4c4e1487515d5cfcea55470eb44be59a27a11a25",
          "version": "1.0.0"
        }
      }
    ]
  },
  "version": 1
}
